// !$*UTF8*$!
{
	archiveVersion = 1;
	classes = {
	};
	objectVersion = 46;
	objects = {

/* Begin PBXBuildFile section */
		183ADF001ECBF8010019A910 /* AppDelegate.swift in Sources */ = {isa = PBXBuildFile; fileRef = 183ADEFF1ECBF8010019A910 /* AppDelegate.swift */; };
		183ADF021ECBF8010019A910 /* ViewController.swift in Sources */ = {isa = PBXBuildFile; fileRef = 183ADF011ECBF8010019A910 /* ViewController.swift */; };
		183ADF051ECBF8010019A910 /* Main.storyboard in Resources */ = {isa = PBXBuildFile; fileRef = 183ADF031ECBF8010019A910 /* Main.storyboard */; };
		183ADF071ECBF8010019A910 /* Assets.xcassets in Resources */ = {isa = PBXBuildFile; fileRef = 183ADF061ECBF8010019A910 /* Assets.xcassets */; };
		183ADF0A1ECBF8010019A910 /* LaunchScreen.storyboard in Resources */ = {isa = PBXBuildFile; fileRef = 183ADF081ECBF8010019A910 /* LaunchScreen.storyboard */; };
		183ADF151ECBF8010019A910 /* WKwebviewSwiftceyTests.swift in Sources */ = {isa = PBXBuildFile; fileRef = 183ADF141ECBF8010019A910 /* WKwebviewSwiftceyTests.swift */; };
		183ADF201ECBF8010019A910 /* WKwebviewSwiftceyUITests.swift in Sources */ = {isa = PBXBuildFile; fileRef = 183ADF1F1ECBF8010019A910 /* WKwebviewSwiftceyUITests.swift */; };
		183ADF2E1ECC14C90019A910 /* down.html in Resources */ = {isa = PBXBuildFile; fileRef = 183ADF2D1ECC14C90019A910 /* down.html */; };
		183ADF3A1ECC14DE0019A910 /* bgimg.png in Resources */ = {isa = PBXBuildFile; fileRef = 183ADF301ECC14DE0019A910 /* bgimg.png */; };
		183ADF3B1ECC14DE0019A910 /* button_immediately.png in Resources */ = {isa = PBXBuildFile; fileRef = 183ADF311ECC14DE0019A910 /* button_immediately.png */; };
		183ADF3C1ECC14DE0019A910 /* button_trytravel.png in Resources */ = {isa = PBXBuildFile; fileRef = 183ADF321ECC14DE0019A910 /* button_trytravel.png */; };
		183ADF3D1ECC14DE0019A910 /* button_unonclick.png in Resources */ = {isa = PBXBuildFile; fileRef = 183ADF331ECC14DE0019A910 /* button_unonclick.png */; };
		183ADF3E1ECC14DE0019A910 /* HBuilder.png in Resources */ = {isa = PBXBuildFile; fileRef = 183ADF341ECC14DE0019A910 /* HBuilder.png */; };
		183ADF3F1ECC14DE0019A910 /* icon_Invitation_bg.png in Resources */ = {isa = PBXBuildFile; fileRef = 183ADF351ECC14DE0019A910 /* icon_Invitation_bg.png */; };
		183ADF401ECC14DE0019A910 /* icon_moresharebtn@2x.png in Resources */ = {isa = PBXBuildFile; fileRef = 183ADF361ECC14DE0019A910 /* icon_moresharebtn@2x.png */; };
		183ADF411ECC14DE0019A910 /* icon_share.png in Resources */ = {isa = PBXBuildFile; fileRef = 183ADF371ECC14DE0019A910 /* icon_share.png */; };
		183ADF421ECC14DE0019A910 /* loading.png in Resources */ = {isa = PBXBuildFile; fileRef = 183ADF381ECC14DE0019A910 /* loading.png */; };
		183ADF431ECC14DE0019A910 /* 长安逸动500300.png in Resources */ = {isa = PBXBuildFile; fileRef = 183ADF391ECC14DE0019A910 /* 长安逸动500300.png */; };
		183ADF4F1ECC150C0019A910 /* font_size.css in Resources */ = {isa = PBXBuildFile; fileRef = 183ADF451ECC150C0019A910 /* font_size.css */; };
		183ADF501ECC150C0019A910 /* mui-preview-image.css in Resources */ = {isa = PBXBuildFile; fileRef = 183ADF461ECC150C0019A910 /* mui-preview-image.css */; };
		183ADF511ECC150C0019A910 /* mui.min.css in Resources */ = {isa = PBXBuildFile; fileRef = 183ADF471ECC150C0019A910 /* mui.min.css */; };
		183ADF521ECC150C0019A910 /* mui.picker.min.css in Resources */ = {isa = PBXBuildFile; fileRef = 183ADF481ECC150C0019A910 /* mui.picker.min.css */; };
		183ADF531ECC150C0019A910 /* style.css in Resources */ = {isa = PBXBuildFile; fileRef = 183ADF491ECC150C0019A910 /* style.css */; };
		183ADF541ECC150C0019A910 /* app.js in Resources */ = {isa = PBXBuildFile; fileRef = 183ADF4B1ECC150C0019A910 /* app.js */; };
		183ADF551ECC150C0019A910 /* jquery-1.11.1.js in Resources */ = {isa = PBXBuildFile; fileRef = 183ADF4C1ECC150C0019A910 /* jquery-1.11.1.js */; };
		183ADF561ECC150C0019A910 /* mui.min.js in Resources */ = {isa = PBXBuildFile; fileRef = 183ADF4D1ECC150C0019A910 /* mui.min.js */; };
		183ADF571ECC150C0019A910 /* reset.js in Resources */ = {isa = PBXBuildFile; fileRef = 183ADF4E1ECC150C0019A910 /* reset.js */; };
		183ADF5A1ECC16670019A910 /* WebKit.framework in Frameworks */ = {isa = PBXBuildFile; fileRef = 183ADF591ECC16670019A910 /* WebKit.framework */; };
		183ADF5C1ECC16EE0019A910 /* First.html in Resources */ = {isa = PBXBuildFile; fileRef = 183ADF5B1ECC16EE0019A910 /* First.html */; };
		183ADF5E1ECC1E450019A910 /* libc++.tbd in Frameworks */ = {isa = PBXBuildFile; fileRef = 183ADF5D1ECC1E450019A910 /* libc++.tbd */; };
		183ADF601ECC1E540019A910 /* libc++abi.tbd in Frameworks */ = {isa = PBXBuildFile; fileRef = 183ADF5F1ECC1E540019A910 /* libc++abi.tbd */; };
		183ADF641ECC224E0019A910 /* index.html in Resources */ = {isa = PBXBuildFile; fileRef = 183ADF631ECC224E0019A910 /* index.html */; };
		183ADF661ECC25030019A910 /* umshareapp.html in Resources */ = {isa = PBXBuildFile; fileRef = 183ADF651ECC25030019A910 /* umshareapp.html */; };
		183ADF681ECC4AF10019A910 /* JavaScriptCore.framework in Frameworks */ = {isa = PBXBuildFile; fileRef = 183ADF671ECC4AF10019A910 /* JavaScriptCore.framework */; };
/* End PBXBuildFile section */

/* Begin PBXContainerItemProxy section */
		183ADF111ECBF8010019A910 /* PBXContainerItemProxy */ = {
			isa = PBXContainerItemProxy;
			containerPortal = 183ADEF41ECBF8010019A910 /* Project object */;
			proxyType = 1;
			remoteGlobalIDString = 183ADEFB1ECBF8010019A910;
			remoteInfo = WKwebviewSwiftcey;
		};
		183ADF1C1ECBF8010019A910 /* PBXContainerItemProxy */ = {
			isa = PBXContainerItemProxy;
			containerPortal = 183ADEF41ECBF8010019A910 /* Project object */;
			proxyType = 1;
			remoteGlobalIDString = 183ADEFB1ECBF8010019A910;
			remoteInfo = WKwebviewSwiftcey;
		};
/* End PBXContainerItemProxy section */

/* Begin PBXFileReference section */
		183ADEFC1ECBF8010019A910 /* WKwebviewSwiftcey.app */ = {isa = PBXFileReference; explicitFileType = wrapper.application; includeInIndex = 0; path = WKwebviewSwiftcey.app; sourceTree = BUILT_PRODUCTS_DIR; };
		183ADEFF1ECBF8010019A910 /* AppDelegate.swift */ = {isa = PBXFileReference; lastKnownFileType = sourcecode.swift; path = AppDelegate.swift; sourceTree = "<group>"; };
		183ADF011ECBF8010019A910 /* ViewController.swift */ = {isa = PBXFileReference; lastKnownFileType = sourcecode.swift; path = ViewController.swift; sourceTree = "<group>"; };
		183ADF041ECBF8010019A910 /* Base */ = {isa = PBXFileReference; lastKnownFileType = file.storyboard; name = Base; path = Base.lproj/Main.storyboard; sourceTree = "<group>"; };
		183ADF061ECBF8010019A910 /* Assets.xcassets */ = {isa = PBXFileReference; lastKnownFileType = folder.assetcatalog; path = Assets.xcassets; sourceTree = "<group>"; };
		183ADF091ECBF8010019A910 /* Base */ = {isa = PBXFileReference; lastKnownFileType = file.storyboard; name = Base; path = Base.lproj/LaunchScreen.storyboard; sourceTree = "<group>"; };
		183ADF0B1ECBF8010019A910 /* Info.plist */ = {isa = PBXFileReference; lastKnownFileType = text.plist.xml; path = Info.plist; sourceTree = "<group>"; };
		183ADF101ECBF8010019A910 /* WKwebviewSwiftceyTests.xctest */ = {isa = PBXFileReference; explicitFileType = wrapper.cfbundle; includeInIndex = 0; path = WKwebviewSwiftceyTests.xctest; sourceTree = BUILT_PRODUCTS_DIR; };
		183ADF141ECBF8010019A910 /* WKwebviewSwiftceyTests.swift */ = {isa = PBXFileReference; lastKnownFileType = sourcecode.swift; path = WKwebviewSwiftceyTests.swift; sourceTree = "<group>"; };
		183ADF161ECBF8010019A910 /* Info.plist */ = {isa = PBXFileReference; lastKnownFileType = text.plist.xml; path = Info.plist; sourceTree = "<group>"; };
		183ADF1B1ECBF8010019A910 /* WKwebviewSwiftceyUITests.xctest */ = {isa = PBXFileReference; explicitFileType = wrapper.cfbundle; includeInIndex = 0; path = WKwebviewSwiftceyUITests.xctest; sourceTree = BUILT_PRODUCTS_DIR; };
		183ADF1F1ECBF8010019A910 /* WKwebviewSwiftceyUITests.swift */ = {isa = PBXFileReference; lastKnownFileType = sourcecode.swift; path = WKwebviewSwiftceyUITests.swift; sourceTree = "<group>"; };
		183ADF211ECBF8010019A910 /* Info.plist */ = {isa = PBXFileReference; lastKnownFileType = text.plist.xml; path = Info.plist; sourceTree = "<group>"; };
		183ADF2D1ECC14C90019A910 /* down.html */ = {isa = PBXFileReference; fileEncoding = 4; lastKnownFileType = text.html; path = down.html; sourceTree = "<group>"; };
		183ADF301ECC14DE0019A910 /* bgimg.png */ = {isa = PBXFileReference; lastKnownFileType = image.png; path = bgimg.png; sourceTree = "<group>"; };
		183ADF311ECC14DE0019A910 /* button_immediately.png */ = {isa = PBXFileReference; lastKnownFileType = image.png; path = button_immediately.png; sourceTree = "<group>"; };
		183ADF321ECC14DE0019A910 /* button_trytravel.png */ = {isa = PBXFileReference; lastKnownFileType = image.png; path = button_trytravel.png; sourceTree = "<group>"; };
		183ADF331ECC14DE0019A910 /* button_unonclick.png */ = {isa = PBXFileReference; lastKnownFileType = image.png; path = button_unonclick.png; sourceTree = "<group>"; };
		183ADF341ECC14DE0019A910 /* HBuilder.png */ = {isa = PBXFileReference; lastKnownFileType = image.png; path = HBuilder.png; sourceTree = "<group>"; };
		183ADF351ECC14DE0019A910 /* icon_Invitation_bg.png */ = {isa = PBXFileReference; lastKnownFileType = image.png; path = icon_Invitation_bg.png; sourceTree = "<group>"; };
		183ADF361ECC14DE0019A910 /* icon_moresharebtn@2x.png */ = {isa = PBXFileReference; lastKnownFileType = image.png; path = "icon_moresharebtn@2x.png"; sourceTree = "<group>"; };
		183ADF371ECC14DE0019A910 /* icon_share.png */ = {isa = PBXFileReference; lastKnownFileType = image.png; path = icon_share.png; sourceTree = "<group>"; };
		183ADF381ECC14DE0019A910 /* loading.png */ = {isa = PBXFileReference; lastKnownFileType = image.png; path = loading.png; sourceTree = "<group>"; };
		183ADF391ECC14DE0019A910 /* 长安逸动500300.png */ = {isa = PBXFileReference; lastKnownFileType = image.png; path = "长安逸动500300.png"; sourceTree = "<group>"; };
		183ADF451ECC150C0019A910 /* font_size.css */ = {isa = PBXFileReference; fileEncoding = 4; lastKnownFileType = text.css; path = font_size.css; sourceTree = "<group>"; };
		183ADF461ECC150C0019A910 /* mui-preview-image.css */ = {isa = PBXFileReference; fileEncoding = 4; lastKnownFileType = text.css; path = "mui-preview-image.css"; sourceTree = "<group>"; };
		183ADF471ECC150C0019A910 /* mui.min.css */ = {isa = PBXFileReference; fileEncoding = 4; lastKnownFileType = text.css; path = mui.min.css; sourceTree = "<group>"; };
		183ADF481ECC150C0019A910 /* mui.picker.min.css */ = {isa = PBXFileReference; fileEncoding = 4; lastKnownFileType = text.css; path = mui.picker.min.css; sourceTree = "<group>"; };
		183ADF491ECC150C0019A910 /* style.css */ = {isa = PBXFileReference; fileEncoding = 4; lastKnownFileType = text.css; path = style.css; sourceTree = "<group>"; };
		183ADF4B1ECC150C0019A910 /* app.js */ = {isa = PBXFileReference; fileEncoding = 4; lastKnownFileType = sourcecode.javascript; path = app.js; sourceTree = "<group>"; };
		183ADF4C1ECC150C0019A910 /* jquery-1.11.1.js */ = {isa = PBXFileReference; fileEncoding = 4; lastKnownFileType = sourcecode.javascript; path = "jquery-1.11.1.js"; sourceTree = "<group>"; };
		183ADF4D1ECC150C0019A910 /* mui.min.js */ = {isa = PBXFileReference; fileEncoding = 4; lastKnownFileType = sourcecode.javascript; path = mui.min.js; sourceTree = "<group>"; };
		183ADF4E1ECC150C0019A910 /* reset.js */ = {isa = PBXFileReference; fileEncoding = 4; lastKnownFileType = sourcecode.javascript; path = reset.js; sourceTree = "<group>"; };
		183ADF591ECC16670019A910 /* WebKit.framework */ = {isa = PBXFileReference; lastKnownFileType = wrapper.framework; name = WebKit.framework; path = System/Library/Frameworks/WebKit.framework; sourceTree = SDKROOT; };
		183ADF5B1ECC16EE0019A910 /* First.html */ = {isa = PBXFileReference; fileEncoding = 4; lastKnownFileType = text.html; path = First.html; sourceTree = "<group>"; };
		183ADF5D1ECC1E450019A910 /* libc++.tbd */ = {isa = PBXFileReference; lastKnownFileType = "sourcecode.text-based-dylib-definition"; name = "libc++.tbd"; path = "usr/lib/libc++.tbd"; sourceTree = SDKROOT; };
		183ADF5F1ECC1E540019A910 /* libc++abi.tbd */ = {isa = PBXFileReference; lastKnownFileType = "sourcecode.text-based-dylib-definition"; name = "libc++abi.tbd"; path = "usr/lib/libc++abi.tbd"; sourceTree = SDKROOT; };
		183ADF631ECC224E0019A910 /* index.html */ = {isa = PBXFileReference; fileEncoding = 4; lastKnownFileType = text.html; path = index.html; sourceTree = "<group>"; };
		183ADF651ECC25030019A910 /* umshareapp.html */ = {isa = PBXFileReference; fileEncoding = 4; lastKnownFileType = text.html; path = umshareapp.html; sourceTree = "<group>"; };
		183ADF671ECC4AF10019A910 /* JavaScriptCore.framework */ = {isa = PBXFileReference; lastKnownFileType = wrapper.framework; name = JavaScriptCore.framework; path = System/Library/Frameworks/JavaScriptCore.framework; sourceTree = SDKROOT; };
/* End PBXFileReference section */

/* Begin PBXFrameworksBuildPhase section */
		183ADEF91ECBF8010019A910 /* Frameworks */ = {
			isa = PBXFrameworksBuildPhase;
			buildActionMask = 2147483647;
			files = (
				183ADF681ECC4AF10019A910 /* JavaScriptCore.framework in Frameworks */,
				183ADF601ECC1E540019A910 /* libc++abi.tbd in Frameworks */,
				183ADF5E1ECC1E450019A910 /* libc++.tbd in Frameworks */,
				183ADF5A1ECC16670019A910 /* WebKit.framework in Frameworks */,
			);
			runOnlyForDeploymentPostprocessing = 0;
		};
		183ADF0D1ECBF8010019A910 /* Frameworks */ = {
			isa = PBXFrameworksBuildPhase;
			buildActionMask = 2147483647;
			files = (
			);
			runOnlyForDeploymentPostprocessing = 0;
		};
		183ADF181ECBF8010019A910 /* Frameworks */ = {
			isa = PBXFrameworksBuildPhase;
			buildActionMask = 2147483647;
			files = (
			);
			runOnlyForDeploymentPostprocessing = 0;
		};
/* End PBXFrameworksBuildPhase section */

/* Begin PBXGroup section */
		183ADEF31ECBF8010019A910 = {
			isa = PBXGroup;
			children = (
				183ADEFE1ECBF8010019A910 /* WKwebviewSwiftcey */,
				183ADF131ECBF8010019A910 /* WKwebviewSwiftceyTests */,
				183ADF1E1ECBF8010019A910 /* WKwebviewSwiftceyUITests */,
				183ADEFD1ECBF8010019A910 /* Products */,
				183ADF581ECC16670019A910 /* Frameworks */,
			);
			sourceTree = "<group>";
		};
		183ADEFD1ECBF8010019A910 /* Products */ = {
			isa = PBXGroup;
			children = (
				183ADEFC1ECBF8010019A910 /* WKwebviewSwiftcey.app */,
				183ADF101ECBF8010019A910 /* WKwebviewSwiftceyTests.xctest */,
				183ADF1B1ECBF8010019A910 /* WKwebviewSwiftceyUITests.xctest */,
			);
			name = Products;
			sourceTree = "<group>";
		};
		183ADEFE1ECBF8010019A910 /* WKwebviewSwiftcey */ = {
			isa = PBXGroup;
			children = (
				183ADEFF1ECBF8010019A910 /* AppDelegate.swift */,
				183ADF011ECBF8010019A910 /* ViewController.swift */,
				183ADF651ECC25030019A910 /* umshareapp.html */,
				183ADF5B1ECC16EE0019A910 /* First.html */,
				183ADF631ECC224E0019A910 /* index.html */,
				183ADF2D1ECC14C90019A910 /* down.html */,
				183ADF441ECC150C0019A910 /* css */,
				183ADF4A1ECC150C0019A910 /* js */,
				183ADF2F1ECC14DE0019A910 /* img */,
				183ADF031ECBF8010019A910 /* Main.storyboard */,
				183ADF061ECBF8010019A910 /* Assets.xcassets */,
				183ADF081ECBF8010019A910 /* LaunchScreen.storyboard */,
				183ADF0B1ECBF8010019A910 /* Info.plist */,
			);
			path = WKwebviewSwiftcey;
			sourceTree = "<group>";
		};
		183ADF131ECBF8010019A910 /* WKwebviewSwiftceyTests */ = {
			isa = PBXGroup;
			children = (
				183ADF141ECBF8010019A910 /* WKwebviewSwiftceyTests.swift */,
				183ADF161ECBF8010019A910 /* Info.plist */,
			);
			path = WKwebviewSwiftceyTests;
			sourceTree = "<group>";
		};
		183ADF1E1ECBF8010019A910 /* WKwebviewSwiftceyUITests */ = {
			isa = PBXGroup;
			children = (
				183ADF1F1ECBF8010019A910 /* WKwebviewSwiftceyUITests.swift */,
				183ADF211ECBF8010019A910 /* Info.plist */,
			);
			path = WKwebviewSwiftceyUITests;
			sourceTree = "<group>";
		};
		183ADF2F1ECC14DE0019A910 /* img */ = {
			isa = PBXGroup;
			children = (
				183ADF301ECC14DE0019A910 /* bgimg.png */,
				183ADF311ECC14DE0019A910 /* button_immediately.png */,
				183ADF321ECC14DE0019A910 /* button_trytravel.png */,
				183ADF331ECC14DE0019A910 /* button_unonclick.png */,
				183ADF341ECC14DE0019A910 /* HBuilder.png */,
				183ADF351ECC14DE0019A910 /* icon_Invitation_bg.png */,
				183ADF361ECC14DE0019A910 /* icon_moresharebtn@2x.png */,
				183ADF371ECC14DE0019A910 /* icon_share.png */,
				183ADF381ECC14DE0019A910 /* loading.png */,
				183ADF391ECC14DE0019A910 /* 长安逸动500300.png */,
			);
			path = img;
			sourceTree = "<group>";
		};
		183ADF441ECC150C0019A910 /* css */ = {
			isa = PBXGroup;
			children = (
				183ADF451ECC150C0019A910 /* font_size.css */,
				183ADF461ECC150C0019A910 /* mui-preview-image.css */,
				183ADF471ECC150C0019A910 /* mui.min.css */,
				183ADF481ECC150C0019A910 /* mui.picker.min.css */,
				183ADF491ECC150C0019A910 /* style.css */,
			);
			path = css;
			sourceTree = "<group>";
		};
		183ADF4A1ECC150C0019A910 /* js */ = {
			isa = PBXGroup;
			children = (
				183ADF4B1ECC150C0019A910 /* app.js */,
				183ADF4C1ECC150C0019A910 /* jquery-1.11.1.js */,
				183ADF4D1ECC150C0019A910 /* mui.min.js */,
				183ADF4E1ECC150C0019A910 /* reset.js */,
			);
			path = js;
			sourceTree = "<group>";
		};
		183ADF581ECC16670019A910 /* Frameworks */ = {
			isa = PBXGroup;
			children = (
				183ADF671ECC4AF10019A910 /* JavaScriptCore.framework */,
				183ADF5F1ECC1E540019A910 /* libc++abi.tbd */,
				183ADF5D1ECC1E450019A910 /* libc++.tbd */,
				183ADF591ECC16670019A910 /* WebKit.framework */,
			);
			name = Frameworks;
			sourceTree = "<group>";
		};
/* End PBXGroup section */

/* Begin PBXNativeTarget section */
		183ADEFB1ECBF8010019A910 /* WKwebviewSwiftcey */ = {
			isa = PBXNativeTarget;
			buildConfigurationList = 183ADF241ECBF8010019A910 /* Build configuration list for PBXNativeTarget "WKwebviewSwiftcey" */;
			buildPhases = (
				183ADEF81ECBF8010019A910 /* Sources */,
				183ADEF91ECBF8010019A910 /* Frameworks */,
				183ADEFA1ECBF8010019A910 /* Resources */,
			);
			buildRules = (
			);
			dependencies = (
			);
			name = WKwebviewSwiftcey;
			productName = WKwebviewSwiftcey;
			productReference = 183ADEFC1ECBF8010019A910 /* WKwebviewSwiftcey.app */;
			productType = "com.apple.product-type.application";
		};
		183ADF0F1ECBF8010019A910 /* WKwebviewSwiftceyTests */ = {
			isa = PBXNativeTarget;
			buildConfigurationList = 183ADF271ECBF8010019A910 /* Build configuration list for PBXNativeTarget "WKwebviewSwiftceyTests" */;
			buildPhases = (
				183ADF0C1ECBF8010019A910 /* Sources */,
				183ADF0D1ECBF8010019A910 /* Frameworks */,
				183ADF0E1ECBF8010019A910 /* Resources */,
			);
			buildRules = (
			);
			dependencies = (
				183ADF121ECBF8010019A910 /* PBXTargetDependency */,
			);
			name = WKwebviewSwiftceyTests;
			productName = WKwebviewSwiftceyTests;
			productReference = 183ADF101ECBF8010019A910 /* WKwebviewSwiftceyTests.xctest */;
			productType = "com.apple.product-type.bundle.unit-test";
		};
		183ADF1A1ECBF8010019A910 /* WKwebviewSwiftceyUITests */ = {
			isa = PBXNativeTarget;
			buildConfigurationList = 183ADF2A1ECBF8010019A910 /* Build configuration list for PBXNativeTarget "WKwebviewSwiftceyUITests" */;
			buildPhases = (
				183ADF171ECBF8010019A910 /* Sources */,
				183ADF181ECBF8010019A910 /* Frameworks */,
				183ADF191ECBF8010019A910 /* Resources */,
			);
			buildRules = (
			);
			dependencies = (
				183ADF1D1ECBF8010019A910 /* PBXTargetDependency */,
			);
			name = WKwebviewSwiftceyUITests;
			productName = WKwebviewSwiftceyUITests;
			productReference = 183ADF1B1ECBF8010019A910 /* WKwebviewSwiftceyUITests.xctest */;
			productType = "com.apple.product-type.bundle.ui-testing";
		};
/* End PBXNativeTarget section */

/* Begin PBXProject section */
		183ADEF41ECBF8010019A910 /* Project object */ = {
			isa = PBXProject;
			attributes = {
				LastSwiftUpdateCheck = 0830;
				LastUpgradeCheck = 0830;
				ORGANIZATIONNAME = apple;
				TargetAttributes = {
					183ADEFB1ECBF8010019A910 = {
						CreatedOnToolsVersion = 8.3.2;
						DevelopmentTeam = 6XJ23F2ZXN;
						ProvisioningStyle = Automatic;
					};
					183ADF0F1ECBF8010019A910 = {
						CreatedOnToolsVersion = 8.3.2;
						DevelopmentTeam = 6XJ23F2ZXN;
						ProvisioningStyle = Automatic;
						TestTargetID = 183ADEFB1ECBF8010019A910;
					};
					183ADF1A1ECBF8010019A910 = {
						CreatedOnToolsVersion = 8.3.2;
						DevelopmentTeam = 6XJ23F2ZXN;
						ProvisioningStyle = Automatic;
						TestTargetID = 183ADEFB1ECBF8010019A910;
					};
				};
			};
			buildConfigurationList = 183ADEF71ECBF8010019A910 /* Build configuration list for PBXProject "WKwebviewSwiftcey" */;
			compatibilityVersion = "Xcode 3.2";
			developmentRegion = English;
			hasScannedForEncodings = 0;
			knownRegions = (
				en,
				Base,
			);
			mainGroup = 183ADEF31ECBF8010019A910;
			productRefGroup = 183ADEFD1ECBF8010019A910 /* Products */;
			projectDirPath = "";
			projectRoot = "";
			targets = (
				183ADEFB1ECBF8010019A910 /* WKwebviewSwiftcey */,
				183ADF0F1ECBF8010019A910 /* WKwebviewSwiftceyTests */,
				183ADF1A1ECBF8010019A910 /* WKwebviewSwiftceyUITests */,
			);
		};
/* End PBXProject section */

/* Begin PBXResourcesBuildPhase section */
		183ADEFA1ECBF8010019A910 /* Resources */ = {
			isa = PBXResourcesBuildPhase;
			buildActionMask = 2147483647;
			files = (
				183ADF661ECC25030019A910 /* umshareapp.html in Resources */,
				183ADF401ECC14DE0019A910 /* icon_moresharebtn@2x.png in Resources */,
				183ADF3F1ECC14DE0019A910 /* icon_Invitation_bg.png in Resources */,
				183ADF511ECC150C0019A910 /* mui.min.css in Resources */,
				183ADF3D1ECC14DE0019A910 /* button_unonclick.png in Resources */,
				183ADF3B1ECC14DE0019A910 /* button_immediately.png in Resources */,
				183ADF3C1ECC14DE0019A910 /* button_trytravel.png in Resources */,
				183ADF531ECC150C0019A910 /* style.css in Resources */,
				183ADF2E1ECC14C90019A910 /* down.html in Resources */,
				183ADF501ECC150C0019A910 /* mui-preview-image.css in Resources */,
				183ADF0A1ECBF8010019A910 /* LaunchScreen.storyboard in Resources */,
				183ADF641ECC224E0019A910 /* index.html in Resources */,
				183ADF541ECC150C0019A910 /* app.js in Resources */,
				183ADF071ECBF8010019A910 /* Assets.xcassets in Resources */,
				183ADF521ECC150C0019A910 /* mui.picker.min.css in Resources */,
				183ADF411ECC14DE0019A910 /* icon_share.png in Resources */,
				183ADF3E1ECC14DE0019A910 /* HBuilder.png in Resources */,
				183ADF4F1ECC150C0019A910 /* font_size.css in Resources */,
				183ADF3A1ECC14DE0019A910 /* bgimg.png in Resources */,
				183ADF571ECC150C0019A910 /* reset.js in Resources */,
				183ADF551ECC150C0019A910 /* jquery-1.11.1.js in Resources */,
				183ADF561ECC150C0019A910 /* mui.min.js in Resources */,
				183ADF431ECC14DE0019A910 /* 长安逸动500300.png in Resources */,
				183ADF5C1ECC16EE0019A910 /* First.html in Resources */,
				183ADF051ECBF8010019A910 /* Main.storyboard in Resources */,
				183ADF421ECC14DE0019A910 /* loading.png in Resources */,
			);
			runOnlyForDeploymentPostprocessing = 0;
		};
		183ADF0E1ECBF8010019A910 /* Resources */ = {
			isa = PBXResourcesBuildPhase;
			buildActionMask = 2147483647;
			files = (
			);
			runOnlyForDeploymentPostprocessing = 0;
		};
		183ADF191ECBF8010019A910 /* Resources */ = {
			isa = PBXResourcesBuildPhase;
			buildActionMask = 2147483647;
			files = (
			);
			runOnlyForDeploymentPostprocessing = 0;
		};
/* End PBXResourcesBuildPhase section */

/* Begin PBXSourcesBuildPhase section */
		183ADEF81ECBF8010019A910 /* Sources */ = {
			isa = PBXSourcesBuildPhase;
			buildActionMask = 2147483647;
			files = (
				183ADF021ECBF8010019A910 /* ViewController.swift in Sources */,
				183ADF001ECBF8010019A910 /* AppDelegate.swift in Sources */,
			);
			runOnlyForDeploymentPostprocessing = 0;
		};
		183ADF0C1ECBF8010019A910 /* Sources */ = {
			isa = PBXSourcesBuildPhase;
			buildActionMask = 2147483647;
			files = (
				183ADF151ECBF8010019A910 /* WKwebviewSwiftceyTests.swift in Sources */,
			);
			runOnlyForDeploymentPostprocessing = 0;
		};
		183ADF171ECBF8010019A910 /* Sources */ = {
			isa = PBXSourcesBuildPhase;
			buildActionMask = 2147483647;
			files = (
				183ADF201ECBF8010019A910 /* WKwebviewSwiftceyUITests.swift in Sources */,
			);
			runOnlyForDeploymentPostprocessing = 0;
		};
/* End PBXSourcesBuildPhase section */

/* Begin PBXTargetDependency section */
		183ADF121ECBF8010019A910 /* PBXTargetDependency */ = {
			isa = PBXTargetDependency;
			target = 183ADEFB1ECBF8010019A910 /* WKwebviewSwiftcey */;
			targetProxy = 183ADF111ECBF8010019A910 /* PBXContainerItemProxy */;
		};
		183ADF1D1ECBF8010019A910 /* PBXTargetDependency */ = {
			isa = PBXTargetDependency;
			target = 183ADEFB1ECBF8010019A910 /* WKwebviewSwiftcey */;
			targetProxy = 183ADF1C1ECBF8010019A910 /* PBXContainerItemProxy */;
		};
/* End PBXTargetDependency section */

/* Begin PBXVariantGroup section */
		183ADF031ECBF8010019A910 /* Main.storyboard */ = {
			isa = PBXVariantGroup;
			children = (
				183ADF041ECBF8010019A910 /* Base */,
			);
			name = Main.storyboard;
			sourceTree = "<group>";
		};
		183ADF081ECBF8010019A910 /* LaunchScreen.storyboard */ = {
			isa = PBXVariantGroup;
			children = (
				183ADF091ECBF8010019A910 /* Base */,
			);
			name = LaunchScreen.storyboard;
			sourceTree = "<group>";
		};
/* End PBXVariantGroup section */

/* Begin XCBuildConfiguration section */
		183ADF221ECBF8010019A910 /* Debug */ = {
			isa = XCBuildConfiguration;
			buildSettings = {
				ALWAYS_SEARCH_USER_PATHS = NO;
				CLANG_ANALYZER_NONNULL = YES;
				CLANG_ANALYZER_NUMBER_OBJECT_CONVERSION = YES_AGGRESSIVE;
				CLANG_CXX_LANGUAGE_STANDARD = "gnu++0x";
				CLANG_CXX_LIBRARY = "libc++";
				CLANG_ENABLE_MODULES = YES;
				CLANG_ENABLE_OBJC_ARC = YES;
				CLANG_WARN_BOOL_CONVERSION = YES;
				CLANG_WARN_CONSTANT_CONVERSION = YES;
				CLANG_WARN_DIRECT_OBJC_ISA_USAGE = YES_ERROR;
				CLANG_WARN_DOCUMENTATION_COMMENTS = YES;
				CLANG_WARN_EMPTY_BODY = YES;
				CLANG_WARN_ENUM_CONVERSION = YES;
				CLANG_WARN_INFINITE_RECURSION = YES;
				CLANG_WARN_INT_CONVERSION = YES;
				CLANG_WARN_OBJC_ROOT_CLASS = YES_ERROR;
				CLANG_WARN_SUSPICIOUS_MOVE = YES;
				CLANG_WARN_UNREACHABLE_CODE = YES;
				CLANG_WARN__DUPLICATE_METHOD_MATCH = YES;
				"CODE_SIGN_IDENTITY[sdk=iphoneos*]" = "iPhone Developer";
				COPY_PHASE_STRIP = NO;
				DEBUG_INFORMATION_FORMAT = dwarf;
				ENABLE_STRICT_OBJC_MSGSEND = YES;
				ENABLE_TESTABILITY = YES;
				GCC_C_LANGUAGE_STANDARD = gnu99;
				GCC_DYNAMIC_NO_PIC = NO;
				GCC_NO_COMMON_BLOCKS = YES;
				GCC_OPTIMIZATION_LEVEL = 0;
				GCC_PREPROCESSOR_DEFINITIONS = (
					"DEBUG=1",
					"$(inherited)",
				);
				GCC_WARN_64_TO_32_BIT_CONVERSION = YES;
				GCC_WARN_ABOUT_RETURN_TYPE = YES_ERROR;
				GCC_WARN_UNDECLARED_SELECTOR = YES;
				GCC_WARN_UNINITIALIZED_AUTOS = YES_AGGRESSIVE;
				GCC_WARN_UNUSED_FUNCTION = YES;
				GCC_WARN_UNUSED_VARIABLE = YES;
				IPHONEOS_DEPLOYMENT_TARGET = 10.3;
				MTL_ENABLE_DEBUG_INFO = YES;
				ONLY_ACTIVE_ARCH = YES;
				SDKROOT = iphoneos;
				SWIFT_ACTIVE_COMPILATION_CONDITIONS = DEBUG;
				SWIFT_OPTIMIZATION_LEVEL = "-Onone";
			};
			name = Debug;
		};
		183ADF231ECBF8010019A910 /* Release */ = {
			isa = XCBuildConfiguration;
			buildSettings = {
				ALWAYS_SEARCH_USER_PATHS = NO;
				CLANG_ANALYZER_NONNULL = YES;
				CLANG_ANALYZER_NUMBER_OBJECT_CONVERSION = YES_AGGRESSIVE;
				CLANG_CXX_LANGUAGE_STANDARD = "gnu++0x";
				CLANG_CXX_LIBRARY = "libc++";
				CLANG_ENABLE_MODULES = YES;
				CLANG_ENABLE_OBJC_ARC = YES;
				CLANG_WARN_BOOL_CONVERSION = YES;
				CLANG_WARN_CONSTANT_CONVERSION = YES;
				CLANG_WARN_DIRECT_OBJC_ISA_USAGE = YES_ERROR;
				CLANG_WARN_DOCUMENTATION_COMMENTS = YES;
				CLANG_WARN_EMPTY_BODY = YES;
				CLANG_WARN_ENUM_CONVERSION = YES;
				CLANG_WARN_INFINITE_RECURSION = YES;
				CLANG_WARN_INT_CONVERSION = YES;
				CLANG_WARN_OBJC_ROOT_CLASS = YES_ERROR;
				CLANG_WARN_SUSPICIOUS_MOVE = YES;
				CLANG_WARN_UNREACHABLE_CODE = YES;
				CLANG_WARN__DUPLICATE_METHOD_MATCH = YES;
				"CODE_SIGN_IDENTITY[sdk=iphoneos*]" = "iPhone Developer";
				COPY_PHASE_STRIP = NO;
				DEBUG_INFORMATION_FORMAT = "dwarf-with-dsym";
				ENABLE_NS_ASSERTIONS = NO;
				ENABLE_STRICT_OBJC_MSGSEND = YES;
				GCC_C_LANGUAGE_STANDARD = gnu99;
				GCC_NO_COMMON_BLOCKS = YES;
				GCC_WARN_64_TO_32_BIT_CONVERSION = YES;
				GCC_WARN_ABOUT_RETURN_TYPE = YES_ERROR;
				GCC_WARN_UNDECLARED_SELECTOR = YES;
				GCC_WARN_UNINITIALIZED_AUTOS = YES_AGGRESSIVE;
				GCC_WARN_UNUSED_FUNCTION = YES;
				GCC_WARN_UNUSED_VARIABLE = YES;
				IPHONEOS_DEPLOYMENT_TARGET = 10.3;
				MTL_ENABLE_DEBUG_INFO = NO;
				SDKROOT = iphoneos;
				SWIFT_OPTIMIZATION_LEVEL = "-Owholemodule";
				VALIDATE_PRODUCT = YES;
			};
			name = Release;
		};
		183ADF251ECBF8010019A910 /* Debug */ = {
			isa = XCBuildConfiguration;
			buildSettings = {
				ASSETCATALOG_COMPILER_APPICON_NAME = AppIcon;
				DEVELOPMENT_TEAM = 6XJ23F2ZXN;
				INFOPLIST_FILE = WKwebviewSwiftcey/Info.plist;
				LD_RUNPATH_SEARCH_PATHS = "$(inherited) @executable_path/Frameworks";
				PRODUCT_BUNDLE_IDENTIFIER = com.ccclubs.WKwebviewSwiftcey;
				PRODUCT_NAME = "$(TARGET_NAME)";
				SWIFT_VERSION = 3.0;
			};
			name = Debug;
		};
		183ADF261ECBF8010019A910 /* Release */ = {
			isa = XCBuildConfiguration;
			buildSettings = {
				ASSETCATALOG_COMPILER_APPICON_NAME = AppIcon;
				DEVELOPMENT_TEAM = 6XJ23F2ZXN;
				INFOPLIST_FILE = WKwebviewSwiftcey/Info.plist;
				LD_RUNPATH_SEARCH_PATHS = "$(inherited) @executable_path/Frameworks";
				PRODUCT_BUNDLE_IDENTIFIER = com.ccclubs.WKwebviewSwiftcey;
				PRODUCT_NAME = "$(TARGET_NAME)";
				SWIFT_VERSION = 3.0;
			};
			name = Release;
		};
		183ADF281ECBF8010019A910 /* Debug */ = {
			isa = XCBuildConfiguration;
			buildSettings = {
				ALWAYS_EMBED_SWIFT_STANDARD_LIBRARIES = YES;
				BUNDLE_LOADER = "$(TEST_HOST)";
				DEVELOPMENT_TEAM = 6XJ23F2ZXN;
				INFOPLIST_FILE = WKwebviewSwiftceyTests/Info.plist;
				LD_RUNPATH_SEARCH_PATHS = "$(inherited) @executable_path/Frameworks @loader_path/Frameworks";
				PRODUCT_BUNDLE_IDENTIFIER = com.ccclubs.WKwebviewSwiftceyTests;
				PRODUCT_NAME = "$(TARGET_NAME)";
				SWIFT_VERSION = 3.0;
				TEST_HOST = "$(BUILT_PRODUCTS_DIR)/WKwebviewSwiftcey.app/WKwebviewSwiftcey";
			};
			name = Debug;
		};
		183ADF291ECBF8010019A910 /* Release */ = {
			isa = XCBuildConfiguration;
			buildSettings = {
				ALWAYS_EMBED_SWIFT_STANDARD_LIBRARIES = YES;
				BUNDLE_LOADER = "$(TEST_HOST)";
				DEVELOPMENT_TEAM = 6XJ23F2ZXN;
				INFOPLIST_FILE = WKwebviewSwiftceyTests/Info.plist;
				LD_RUNPATH_SEARCH_PATHS = "$(inherited) @executable_path/Frameworks @loader_path/Frameworks";
				PRODUCT_BUNDLE_IDENTIFIER = com.ccclubs.WKwebviewSwiftceyTests;
				PRODUCT_NAME = "$(TARGET_NAME)";
				SWIFT_VERSION = 3.0;
				TEST_HOST = "$(BUILT_PRODUCTS_DIR)/WKwebviewSwiftcey.app/WKwebviewSwiftcey";
			};
			name = Release;
		};
		183ADF2B1ECBF8010019A910 /* Debug */ = {
			isa = XCBuildConfiguration;
			buildSettings = {
				ALWAYS_EMBED_SWIFT_STANDARD_LIBRARIES = YES;
				DEVELOPMENT_TEAM = 6XJ23F2ZXN;
				INFOPLIST_FILE = WKwebviewSwiftceyUITests/Info.plist;
				LD_RUNPATH_SEARCH_PATHS = "$(inherited) @executable_path/Frameworks @loader_path/Frameworks";
				PRODUCT_BUNDLE_IDENTIFIER = com.ccclubs.WKwebviewSwiftceyUITests;
				PRODUCT_NAME = "$(TARGET_NAME)";
				SWIFT_VERSION = 3.0;
				TEST_TARGET_NAME = WKwebviewSwiftcey;
			};
			name = Debug;
		};
		183ADF2C1ECBF8010019A910 /* Release */ = {
			isa = XCBuildConfiguration;
			buildSettings = {
				ALWAYS_EMBED_SWIFT_STANDARD_LIBRARIES = YES;
				DEVELOPMENT_TEAM = 6XJ23F2ZXN;
				INFOPLIST_FILE = WKwebviewSwiftceyUITests/Info.plist;
				LD_RUNPATH_SEARCH_PATHS = "$(inherited) @executable_path/Frameworks @loader_path/Frameworks";
				PRODUCT_BUNDLE_IDENTIFIER = com.ccclubs.WKwebviewSwiftceyUITests;
				PRODUCT_NAME = "$(TARGET_NAME)";
				SWIFT_VERSION = 3.0;
				TEST_TARGET_NAME = WKwebviewSwiftcey;
			};
			name = Release;
		};
/* End XCBuildConfiguration section */

/* Begin XCConfigurationList section */
		183ADEF71ECBF8010019A910 /* Build configuration list for PBXProject "WKwebviewSwiftcey" */ = {
			isa = XCConfigurationList;
			buildConfigurations = (
				183ADF221ECBF8010019A910 /* Debug */,
				183ADF231ECBF8010019A910 /* Release */,
			);
			defaultConfigurationIsVisible = 0;
			defaultConfigurationName = Release;
		};
		183ADF241ECBF8010019A910 /* Build configuration list for PBXNativeTarget "WKwebviewSwiftcey" */ = {
			isa = XCConfigurationList;
			buildConfigurations = (
				183ADF251ECBF8010019A910 /* Debug */,
				183ADF261ECBF8010019A910 /* Release */,
			);
			defaultConfigurationIsVisible = 0;
			defaultConfigurationName = Release;
		};
		183ADF271ECBF8010019A910 /* Build configuration list for PBXNativeTarget "WKwebviewSwiftceyTests" */ = {
			isa = XCConfigurationList;
			buildConfigurations = (
				183ADF281ECBF8010019A910 /* Debug */,
				183ADF291ECBF8010019A910 /* Release */,
			);
			defaultConfigurationIsVisible = 0;
			defaultConfigurationName = Release;
		};
		183ADF2A1ECBF8010019A910 /* Build configuration list for PBXNativeTarget "WKwebviewSwiftceyUITests" */ = {
			isa = XCConfigurationList;
			buildConfigurations = (
				183ADF2B1ECBF8010019A910 /* Debug */,
				183ADF2C1ECBF8010019A910 /* Release */,
			);
			defaultConfigurationIsVisible = 0;
			defaultConfigurationName = Release;
		};
/* End XCConfigurationList section */
	};
	rootObject = 183ADEF41ECBF8010019A910 /* Project object */;
}
